
Microsoft Visual Studio Solution File, Format Version 12.00
# Visual Studio 14
VisualStudioVersion = 14.0.25420.1
MinimumVisualStudioVersion = 10.0.40219.1
Project("{2150E333-8FDC-42A3-9474-1A3956D46DE8}") = "01UI", "01UI", "{0CCD1ED5-4E30-4E24-A1D6-212D7C98650E}"
EndProject
Project("{2150E333-8FDC-42A3-9474-1A3956D46DE8}") = "02Service", "02Service", "{F8F92554-8FB6-4980-B7CA-F2CE63A0116D}"
EndProject
Project("{2150E333-8FDC-42A3-9474-1A3956D46DE8}") = "03Resposity", "03Resposity", "{0AD5ACE1-6154-4692-8BB6-765D90EC96AF}"
EndProject
Project("{2150E333-8FDC-42A3-9474-1A3956D46DE8}") = "04Infrastructure", "04Infrastructure", "{B96C92C8-5F6B-4764-B8FD-82F818D4B503}"
EndProject
Project("{FAE04EC0-301F-11D3-BF4B-00C04F79EFBC}") = "HCQ2UI", "HCQ2UI\HCQ2UI.csproj", "{EB8A7DE3-C6B8-415C-B3D4-E0E7B5388188}"
EndProject
Project("{FAE04EC0-301F-11D3-BF4B-00C04F79EFBC}") = "HCQ2UI_Logic", "HCQ2UI_Logic\HCQ2UI_Logic.csproj", "{5A5B0622-68C8-45B8-AFA2-5F5CB2D87AB8}"
EndProject
Project("{FAE04EC0-301F-11D3-BF4B-00C04F79EFBC}") = "HCQ2UI_Helper", "HCQ2UI_Helper\HCQ2UI_Helper.csproj", "{9C2978C3-EA63-4CEF-A710-BC668FF3DCD5}"
EndProject
Project("{FAE04EC0-301F-11D3-BF4B-00C04F79EFBC}") = "HCQ2_IBLL", "HCQ2_IBLL\HCQ2_IBLL.csproj", "{501F3148-1D31-4F8D-9F26-A142F9D1AC50}"
EndProject
Project("{FAE04EC0-301F-11D3-BF4B-00C04F79EFBC}") = "HCQ2_BLL", "HCQ2_BLL\HCQ2_BLL.csproj", "{D29F5C2A-FA8C-411C-A559-7739FE19DEC3}"
EndProject
Project("{FAE04EC0-301F-11D3-BF4B-00C04F79EFBC}") = "HCQ2_IDAL", "HCQ2_IDAL\HCQ2_IDAL.csproj", "{6922D4FC-D95D-435E-979E-7930A07A0A5A}"
EndProject
Project("{FAE04EC0-301F-11D3-BF4B-00C04F79EFBC}") = "HCQ2_DAL_MSSQL", "HCQ2_DAL\HCQ2_DAL_MSSQL.csproj", "{97A17407-3BEF-491F-90E7-39285A991AD5}"
EndProject
Project("{FAE04EC0-301F-11D3-BF4B-00C04F79EFBC}") = "HCQ2_Common", "HCQ2_Common\HCQ2_Common.csproj", "{A401C41A-24FF-4F68-91B5-8B599267A111}"
EndProject
Project("{FAE04EC0-301F-11D3-BF4B-00C04F79EFBC}") = "HCQ2_DI", "HCQ2_DI\HCQ2_DI.csproj", "{3B0EDAE4-026B-4DB7-8CCD-2999F97CC58E}"
EndProject
Project("{FAE04EC0-301F-11D3-BF4B-00C04F79EFBC}") = "HCQ2_Model", "HCQ2_Model\HCQ2_Model.csproj", "{956FAC75-C9F1-43AF-8CA3-C68252421720}"
EndProject
Project("{2150E333-8FDC-42A3-9474-1A3956D46DE8}") = "00Schemas", "00Schemas", "{85163395-5B1E-4C39-B7C7-0007B3918BAF}"
	ProjectSection(SolutionItems) = preProject
		packages\spring-aop-1.1.xsd = packages\spring-aop-1.1.xsd
		packages\spring-database-1.3.xsd = packages\spring-database-1.3.xsd
		packages\spring-objects-1.3.xsd = packages\spring-objects-1.3.xsd
		packages\spring-tool-1.1.xsd = packages\spring-tool-1.1.xsd
		packages\spring-tx-1.1.xsd = packages\spring-tx-1.1.xsd
		packages\spring-validation-1.3.xsd = packages\spring-validation-1.3.xsd
	EndProjectSection
EndProject
Project("{2150E333-8FDC-42A3-9474-1A3956D46DE8}") = "05WebService", "05WebService", "{43D9DD1B-8374-4016-AC39-0E36BA0B067A}"
EndProject
Project("{FAE04EC0-301F-11D3-BF4B-00C04F79EFBC}") = "HCQ2WebAPI_Logic", "HCQ2WebAPI_Logic\HCQ2WebAPI_Logic.csproj", "{619EBF7A-77EE-4684-BECD-E5A8F03D8AD8}"
EndProject
Project("{FAE04EC0-301F-11D3-BF4B-00C04F79EFBC}") = "HCQ2WebAPI", "HCQ2WebAPI\HCQ2WebAPI.csproj", "{171B99F4-8452-4ACD-A217-63FDA968CC84}"
EndProject
Global
	GlobalSection(SolutionConfigurationPlatforms) = preSolution
		Debug|Any CPU = Debug|Any CPU
		Release|Any CPU = Release|Any CPU
	EndGlobalSection
	GlobalSection(ProjectConfigurationPlatforms) = postSolution
		{EB8A7DE3-C6B8-415C-B3D4-E0E7B5388188}.Debug|Any CPU.ActiveCfg = Debug|Any CPU
		{EB8A7DE3-C6B8-415C-B3D4-E0E7B5388188}.Debug|Any CPU.Build.0 = Debug|Any CPU
		{EB8A7DE3-C6B8-415C-B3D4-E0E7B5388188}.Release|Any CPU.ActiveCfg = Release|Any CPU
		{EB8A7DE3-C6B8-415C-B3D4-E0E7B5388188}.Release|Any CPU.Build.0 = Release|Any CPU
		{5A5B0622-68C8-45B8-AFA2-5F5CB2D87AB8}.Debug|Any CPU.ActiveCfg = Debug|Any CPU
		{5A5B0622-68C8-45B8-AFA2-5F5CB2D87AB8}.Debug|Any CPU.Build.0 = Debug|Any CPU
		{5A5B0622-68C8-45B8-AFA2-5F5CB2D87AB8}.Release|Any CPU.ActiveCfg = Release|Any CPU
		{5A5B0622-68C8-45B8-AFA2-5F5CB2D87AB8}.Release|Any CPU.Build.0 = Release|Any CPU
		{9C2978C3-EA63-4CEF-A710-BC668FF3DCD5}.Debug|Any CPU.ActiveCfg = Debug|Any CPU
		{9C2978C3-EA63-4CEF-A710-BC668FF3DCD5}.Debug|Any CPU.Build.0 = Debug|Any CPU
		{9C2978C3-EA63-4CEF-A710-BC668FF3DCD5}.Release|Any CPU.ActiveCfg = Release|Any CPU
		{9C2978C3-EA63-4CEF-A710-BC668FF3DCD5}.Release|Any CPU.Build.0 = Release|Any CPU
		{501F3148-1D31-4F8D-9F26-A142F9D1AC50}.Debug|Any CPU.ActiveCfg = Debug|Any CPU
		{501F3148-1D31-4F8D-9F26-A142F9D1AC50}.Debug|Any CPU.Build.0 = Debug|Any CPU
		{501F3148-1D31-4F8D-9F26-A142F9D1AC50}.Release|Any CPU.ActiveCfg = Release|Any CPU
		{501F3148-1D31-4F8D-9F26-A142F9D1AC50}.Release|Any CPU.Build.0 = Release|Any CPU
		{D29F5C2A-FA8C-411C-A559-7739FE19DEC3}.Debug|Any CPU.ActiveCfg = Debug|Any CPU
		{D29F5C2A-FA8C-411C-A559-7739FE19DEC3}.Debug|Any CPU.Build.0 = Debug|Any CPU
		{D29F5C2A-FA8C-411C-A559-7739FE19DEC3}.Release|Any CPU.ActiveCfg = Release|Any CPU
		{D29F5C2A-FA8C-411C-A559-7739FE19DEC3}.Release|Any CPU.Build.0 = Release|Any CPU
		{6922D4FC-D95D-435E-979E-7930A07A0A5A}.Debug|Any CPU.ActiveCfg = Debug|Any CPU
		{6922D4FC-D95D-435E-979E-7930A07A0A5A}.Debug|Any CPU.Build.0 = Debug|Any CPU
		{6922D4FC-D95D-435E-979E-7930A07A0A5A}.Release|Any CPU.ActiveCfg = Release|Any CPU
		{6922D4FC-D95D-435E-979E-7930A07A0A5A}.Release|Any CPU.Build.0 = Release|Any CPU
		{97A17407-3BEF-491F-90E7-39285A991AD5}.Debug|Any CPU.ActiveCfg = Debug|Any CPU
		{97A17407-3BEF-491F-90E7-39285A991AD5}.Debug|Any CPU.Build.0 = Debug|Any CPU
		{97A17407-3BEF-491F-90E7-39285A991AD5}.Release|Any CPU.ActiveCfg = Release|Any CPU
		{97A17407-3BEF-491F-90E7-39285A991AD5}.Release|Any CPU.Build.0 = Release|Any CPU
		{A401C41A-24FF-4F68-91B5-8B599267A111}.Debug|Any CPU.ActiveCfg = Debug|Any CPU
		{A401C41A-24FF-4F68-91B5-8B599267A111}.Debug|Any CPU.Build.0 = Debug|Any CPU
		{A401C41A-24FF-4F68-91B5-8B599267A111}.Release|Any CPU.ActiveCfg = Release|Any CPU
		{A401C41A-24FF-4F68-91B5-8B599267A111}.Release|Any CPU.Build.0 = Release|Any CPU
		{3B0EDAE4-026B-4DB7-8CCD-2999F97CC58E}.Debug|Any CPU.ActiveCfg = Debug|Any CPU
		{3B0EDAE4-026B-4DB7-8CCD-2999F97CC58E}.Debug|Any CPU.Build.0 = Debug|Any CPU
		{3B0EDAE4-026B-4DB7-8CCD-2999F97CC58E}.Release|Any CPU.ActiveCfg = Release|Any CPU
		{3B0EDAE4-026B-4DB7-8CCD-2999F97CC58E}.Release|Any CPU.Build.0 = Release|Any CPU
		{956FAC75-C9F1-43AF-8CA3-C68252421720}.Debug|Any CPU.ActiveCfg = Debug|Any CPU
		{956FAC75-C9F1-43AF-8CA3-C68252421720}.Debug|Any CPU.Build.0 = Debug|Any CPU
		{956FAC75-C9F1-43AF-8CA3-C68252421720}.Release|Any CPU.ActiveCfg = Release|Any CPU
		{956FAC75-C9F1-43AF-8CA3-C68252421720}.Release|Any CPU.Build.0 = Release|Any CPU
		{619EBF7A-77EE-4684-BECD-E5A8F03D8AD8}.Debug|Any CPU.ActiveCfg = Debug|Any CPU
		{619EBF7A-77EE-4684-BECD-E5A8F03D8AD8}.Debug|Any CPU.Build.0 = Debug|Any CPU
		{619EBF7A-77EE-4684-BECD-E5A8F03D8AD8}.Release|Any CPU.ActiveCfg = Release|Any CPU
		{619EBF7A-77EE-4684-BECD-E5A8F03D8AD8}.Release|Any CPU.Build.0 = Release|Any CPU
		{171B99F4-8452-4ACD-A217-63FDA968CC84}.Debug|Any CPU.ActiveCfg = Debug|Any CPU
		{171B99F4-8452-4ACD-A217-63FDA968CC84}.Debug|Any CPU.Build.0 = Debug|Any CPU
		{171B99F4-8452-4ACD-A217-63FDA968CC84}.Release|Any CPU.ActiveCfg = Release|Any CPU
		{171B99F4-8452-4ACD-A217-63FDA968CC84}.Release|Any CPU.Build.0 = Release|Any CPU
	EndGlobalSection
	GlobalSection(SolutionProperties) = preSolution
		HideSolutionNode = FALSE
	EndGlobalSection
	GlobalSection(NestedProjects) = preSolution
		{EB8A7DE3-C6B8-415C-B3D4-E0E7B5388188} = {0CCD1ED5-4E30-4E24-A1D6-212D7C98650E}
		{5A5B0622-68C8-45B8-AFA2-5F5CB2D87AB8} = {0CCD1ED5-4E30-4E24-A1D6-212D7C98650E}
		{9C2978C3-EA63-4CEF-A710-BC668FF3DCD5} = {0CCD1ED5-4E30-4E24-A1D6-212D7C98650E}
		{501F3148-1D31-4F8D-9F26-A142F9D1AC50} = {F8F92554-8FB6-4980-B7CA-F2CE63A0116D}
		{D29F5C2A-FA8C-411C-A559-7739FE19DEC3} = {F8F92554-8FB6-4980-B7CA-F2CE63A0116D}
		{6922D4FC-D95D-435E-979E-7930A07A0A5A} = {0AD5ACE1-6154-4692-8BB6-765D90EC96AF}
		{97A17407-3BEF-491F-90E7-39285A991AD5} = {0AD5ACE1-6154-4692-8BB6-765D90EC96AF}
		{A401C41A-24FF-4F68-91B5-8B599267A111} = {B96C92C8-5F6B-4764-B8FD-82F818D4B503}
		{3B0EDAE4-026B-4DB7-8CCD-2999F97CC58E} = {B96C92C8-5F6B-4764-B8FD-82F818D4B503}
		{956FAC75-C9F1-43AF-8CA3-C68252421720} = {B96C92C8-5F6B-4764-B8FD-82F818D4B503}
		{619EBF7A-77EE-4684-BECD-E5A8F03D8AD8} = {43D9DD1B-8374-4016-AC39-0E36BA0B067A}
		{171B99F4-8452-4ACD-A217-63FDA968CC84} = {43D9DD1B-8374-4016-AC39-0E36BA0B067A}
	EndGlobalSection
EndGlobal
